<?xml version="1.0" encoding="utf-8"?>
<Project ToolsVersion="4.0" xmlns="http://schemas.microsoft.com/developer/msbuild/2003">
  <ItemGroup>
    <Filter Include="directx">
      <UniqueIdentifier>{edaaec17-beff-419b-b576-46b1a0a45aa2}</UniqueIdentifier>
    </Filter>
    <Filter Include="draw_resource">
      <UniqueIdentifier>{ad95a022-4bb0-4597-8565-14a4359a6176}</UniqueIdentifier>
    </Filter>
    <Filter Include="entry">
      <UniqueIdentifier>{a1943f5e-efb2-44f1-b8aa-4aa047cfffbe}</UniqueIdentifier>
    </Filter>
    <Filter Include="object">
      <UniqueIdentifier>{bced30ab-636a-426c-b6e1-f5769478d3d7}</UniqueIdentifier>
    </Filter>
    <Filter Include="window">
      <UniqueIdentifier>{e8610c83-fdd9-4113-b652-fc4272daf7e6}</UniqueIdentifier>
    </Filter>
  </ItemGroup>
  <ItemGroup>
    <ClCompile Include="window.cpp">
      <Filter>window</Filter>
    </ClCompile>
    <ClCompile Include="command_allocator.cpp">
      <Filter>directx</Filter>
    </ClCompile>
    <ClCompile Include="command_list.cpp">
      <Filter>directx</Filter>
    </ClCompile>
    <ClCompile Include="command_queue.cpp">
      <Filter>directx</Filter>
    </ClCompile>
    <ClCompile Include="descriptor_heap.cpp">
      <Filter>directx</Filter>
    </ClCompile>
    <ClCompile Include="device.cpp">
      <Filter>directx</Filter>
    </ClCompile>
    <ClCompile Include="DXGI.cpp">
      <Filter>directx</Filter>
    </ClCompile>
    <ClCompile Include="fence.cpp">
      <Filter>directx</Filter>
    </ClCompile>
    <ClCompile Include="pipline_state_object.cpp">
      <Filter>directx</Filter>
    </ClCompile>
    <ClCompile Include="render_target.cpp">
      <Filter>directx</Filter>
    </ClCompile>
    <ClCompile Include="root_signature.cpp">
      <Filter>directx</Filter>
    </ClCompile>
    <ClCompile Include="shader.cpp">
      <Filter>directx</Filter>
    </ClCompile>
    <ClCompile Include="swap_chain.cpp">
      <Filter>directx</Filter>
    </ClCompile>
    <ClCompile Include="triangle_polygon.cpp">
      <Filter>draw_resource</Filter>
    </ClCompile>
    <ClCompile Include="entry.cpp">
      <Filter>entry</Filter>
    </ClCompile>
    <ClCompile Include="constant_buffer.cpp">
      <Filter>directx</Filter>
    </ClCompile>
    <ClCompile Include="depth_buffer.cpp">
      <Filter>directx</Filter>
    </ClCompile>
  </ItemGroup>
  <ItemGroup>
    <ClInclude Include="window.h">
      <Filter>window</Filter>
    </ClInclude>
    <ClInclude Include="command_allocator.h">
      <Filter>directx</Filter>
    </ClInclude>
    <ClInclude Include="command_list.h">
      <Filter>directx</Filter>
    </ClInclude>
    <ClInclude Include="command_queue.h">
      <Filter>directx</Filter>
    </ClInclude>
    <ClInclude Include="descriptor_heap.h">
      <Filter>directx</Filter>
    </ClInclude>
    <ClInclude Include="device.h">
      <Filter>directx</Filter>
    </ClInclude>
    <ClInclude Include="DXGI.h">
      <Filter>directx</Filter>
    </ClInclude>
    <ClInclude Include="fence.h">
      <Filter>directx</Filter>
    </ClInclude>
    <ClInclude Include="pipline_state_object.h">
      <Filter>directx</Filter>
    </ClInclude>
    <ClInclude Include="render_target.h">
      <Filter>directx</Filter>
    </ClInclude>
    <ClInclude Include="root_signature.h">
      <Filter>directx</Filter>
    </ClInclude>
    <ClInclude Include="shader.h">
      <Filter>directx</Filter>
    </ClInclude>
    <ClInclude Include="swap_chain.h">
      <Filter>directx</Filter>
    </ClInclude>
    <ClInclude Include="triangle_polygon.h">
      <Filter>draw_resource</Filter>
    </ClInclude>
    <ClInclude Include="constant_buffer.h">
      <Filter>directx</Filter>
    </ClInclude>
    <ClInclude Include="depth_buffer.h">
      <Filter>directx</Filter>
    </ClInclude>
    <ClInclude Include="util.h">
      <Filter>directx</Filter>
    </ClInclude>
  </ItemGroup>
  <ItemGroup>
    <FxCompile Include="shader.hlsl">
      <Filter>directx</Filter>
    </FxCompile>
  </ItemGroup>
</Project>